<?xml version="1.0" encoding="utf-8"?>
<Project ToolsVersion="4.0" xmlns="http://schemas.microsoft.com/developer/msbuild/2003">
  <ItemGroup>
    <Filter Include="Source Files">
      <UniqueIdentifier>{4FC737F1-C7A5-4376-A066-2A32D752A2FF}</UniqueIdentifier>
      <Extensions>cpp;c;cc;cxx;def;odl;idl;hpj;bat;asm;asmx</Extensions>
    </Filter>
    <Filter Include="Header Files">
      <UniqueIdentifier>{93995380-89BD-4b04-88EB-625FBE52EBFB}</UniqueIdentifier>
      <Extensions>h;hpp;hxx;hm;inl;inc;xsd</Extensions>
    </Filter>
    <Filter Include="Resource Files">
      <UniqueIdentifier>{67DA6AB6-F800-4c08-8B7A-83BB121AAD01}</UniqueIdentifier>
      <Extensions>rc;ico;cur;bmp;dlg;rc2;rct;bin;rgs;gif;jpg;jpeg;jpe;resx;tiff;tif;png;wav;mfcribbon-ms</Extensions>
    </Filter>
    <Filter Include="Header Files\CollisionShapes">
      <UniqueIdentifier>{0b3f2f52-76e9-48ce-8eab-b2dce9986cac}</UniqueIdentifier>
    </Filter>
    <Filter Include="Source Files\CollisionShapes">
      <UniqueIdentifier>{b1d1cb26-b874-44e5-bab5-5163f7314263}</UniqueIdentifier>
    </Filter>
    <Filter Include="Header Files\Entities">
      <UniqueIdentifier>{6a992ad8-18b0-413e-98ab-cdecaf7c3ba2}</UniqueIdentifier>
    </Filter>
    <Filter Include="Header Files\Partitioners">
      <UniqueIdentifier>{4be18634-7256-413d-8ec6-150812d6785c}</UniqueIdentifier>
    </Filter>
    <Filter Include="Source Files\Entities">
      <UniqueIdentifier>{09ed5bd5-4497-42a9-8b97-f99433858b72}</UniqueIdentifier>
    </Filter>
    <Filter Include="Source Files\Partitioners">
      <UniqueIdentifier>{c13b43a7-8d44-4531-b4d3-bb71bdeb1977}</UniqueIdentifier>
    </Filter>
  </ItemGroup>
  <ItemGroup>
    <ClInclude Include="Engine.hpp">
      <Filter>Header Files</Filter>
    </ClInclude>
    <ClInclude Include="Circle.hpp">
      <Filter>Header Files\CollisionShapes</Filter>
    </ClInclude>
    <ClInclude Include="TriangulatedPolyNaiveRotation.hpp">
      <Filter>Header Files\CollisionShapes</Filter>
    </ClInclude>
    <ClInclude Include="TriangulatedPolyPrecomputedRotation.hpp">
      <Filter>Header Files\CollisionShapes</Filter>
    </ClInclude>
    <ClInclude Include="AbstractCollisionShape.hpp">
      <Filter>Header Files\CollisionShapes</Filter>
    </ClInclude>
    <ClInclude Include="AbstractTriangulatedPoly.hpp">
      <Filter>Header Files\CollisionShapes</Filter>
    </ClInclude>
    <ClInclude Include="Entities.hpp">
      <Filter>Header Files\Entities</Filter>
    </ClInclude>
    <ClInclude Include="AbstractPartitioner.hpp">
      <Filter>Header Files\Partitioners</Filter>
    </ClInclude>
    <ClInclude Include="AbstractPartition.hpp">
      <Filter>Header Files\Partitioners</Filter>
    </ClInclude>
    <ClInclude Include="Iterator.hpp">
      <Filter>Header Files\Partitioners</Filter>
    </ClInclude>
    <ClInclude Include="SimplePartition.hpp">
      <Filter>Header Files\Partitioners</Filter>
    </ClInclude>
    <ClInclude Include="SimplePartitioner.hpp">
      <Filter>Header Files\Partitioners</Filter>
    </ClInclude>
  </ItemGroup>
  <ItemGroup>
    <ClCompile Include="Engine.cpp">
      <Filter>Source Files</Filter>
    </ClCompile>
    <ClCompile Include="main.cpp">
      <Filter>Source Files</Filter>
    </ClCompile>
    <ClCompile Include="Circle.cpp">
      <Filter>Source Files\CollisionShapes</Filter>
    </ClCompile>
    <ClCompile Include="TriangulatedPolyNaiveRotation.cpp">
      <Filter>Source Files\CollisionShapes</Filter>
    </ClCompile>
    <ClCompile Include="TriangulatedPolyPrecomputedRotation.cpp">
      <Filter>Source Files\CollisionShapes</Filter>
    </ClCompile>
    <ClCompile Include="AbstractCollisionShape.cpp">
      <Filter>Source Files\CollisionShapes</Filter>
    </ClCompile>
    <ClCompile Include="AbstractTriangulatedPoly.cpp">
      <Filter>Source Files\CollisionShapes</Filter>
    </ClCompile>
    <ClCompile Include="AbstractPartition.cpp">
      <Filter>Source Files\Partitioners</Filter>
    </ClCompile>
    <ClCompile Include="SimplePartition.cpp">
      <Filter>Source Files\Partitioners</Filter>
    </ClCompile>
    <ClCompile Include="AbstractPartitioner.cpp">
      <Filter>Source Files\Partitioners</Filter>
    </ClCompile>
    <ClCompile Include="SimplePartitioner.cpp">
      <Filter>Source Files\Partitioners</Filter>
    </ClCompile>
  </ItemGroup>
</Project>