
Microsoft Visual Studio Solution File, Format Version 12.00
# Visual Studio 2012
Project("{FAE04EC0-301F-11D3-BF4B-00C04F79EFBC}") = "Editor", "Editor\Editor.csproj", "{FD88CC99-956B-45F6-BBC8-C0B9E14ED906}"
EndProject
Project("{FAE04EC0-301F-11D3-BF4B-00C04F79EFBC}") = "Test", "Test\Test.csproj", "{2AE66918-DBF5-42B6-AFD9-1DC17FB8DCD0}"
EndProject
Global
	GlobalSection(SolutionConfigurationPlatforms) = preSolution
		Debug|Any CPU = Debug|Any CPU
		Release|Any CPU = Release|Any CPU
	EndGlobalSection
	GlobalSection(ProjectConfigurationPlatforms) = postSolution
		{FD88CC99-956B-45F6-BBC8-C0B9E14ED906}.Debug|Any CPU.ActiveCfg = Debug|Any CPU
		{FD88CC99-956B-45F6-BBC8-C0B9E14ED906}.Debug|Any CPU.Build.0 = Debug|Any CPU
		{FD88CC99-956B-45F6-BBC8-C0B9E14ED906}.Release|Any CPU.ActiveCfg = Release|Any CPU
		{FD88CC99-956B-45F6-BBC8-C0B9E14ED906}.Release|Any CPU.Build.0 = Release|Any CPU
		{2AE66918-DBF5-42B6-AFD9-1DC17FB8DCD0}.Debug|Any CPU.ActiveCfg = Debug|Any CPU
		{2AE66918-DBF5-42B6-AFD9-1DC17FB8DCD0}.Debug|Any CPU.Build.0 = Debug|Any CPU
		{2AE66918-DBF5-42B6-AFD9-1DC17FB8DCD0}.Release|Any CPU.ActiveCfg = Release|Any CPU
		{2AE66918-DBF5-42B6-AFD9-1DC17FB8DCD0}.Release|Any CPU.Build.0 = Release|Any CPU
	EndGlobalSection
	GlobalSection(SolutionProperties) = preSolution
		HideSolutionNode = FALSE
	EndGlobalSection
EndGlobal
