
Microsoft Visual Studio Solution File, Format Version 12.00
# Visual Studio 15
VisualStudioVersion = 15.0.28010.2016
MinimumVisualStudioVersion = 10.0.40219.1
Project("{FAE04EC0-301F-11D3-BF4B-00C04F79EFBC}") = "CollisionTestEditor", "CollisionTestEditor.csproj", "{446DDA3B-9BD1-45A6-8E3E-902B867715D0}"
EndProject
Global
	GlobalSection(SolutionConfigurationPlatforms) = preSolution
		Debug|Any CPU = Debug|Any CPU
		Release|Any CPU = Release|Any CPU
	EndGlobalSection
	GlobalSection(ProjectConfigurationPlatforms) = postSolution
		{446DDA3B-9BD1-45A6-8E3E-902B867715D0}.Debug|Any CPU.ActiveCfg = Debug|Any CPU
		{446DDA3B-9BD1-45A6-8E3E-902B867715D0}.Debug|Any CPU.Build.0 = Debug|Any CPU
		{446DDA3B-9BD1-45A6-8E3E-902B867715D0}.Release|Any CPU.ActiveCfg = Release|Any CPU
		{446DDA3B-9BD1-45A6-8E3E-902B867715D0}.Release|Any CPU.Build.0 = Release|Any CPU
	EndGlobalSection
	GlobalSection(SolutionProperties) = preSolution
		HideSolutionNode = FALSE
	EndGlobalSection
	GlobalSection(ExtensibilityGlobals) = postSolution
		SolutionGuid = {8056C237-D523-41A9-9914-7A780B154EFC}
	EndGlobalSection
EndGlobal
